
Microsoft Visual Studio Solution File, Format Version 12.00
# Visual Studio Version 16
VisualStudioVersion = 16.0.30621.155
MinimumVisualStudioVersion = 10.0.40219.1
Project("{FAE04EC0-301F-11D3-BF4B-00C04F79EFBC}") = "213043EX01", "213043EX01\213043EX01.csproj", "{B6D782B5-2117-472B-B35E-B09060CA8517}"
EndProject
Global
	GlobalSection(SolutionConfigurationPlatforms) = preSolution
		Debug|Any CPU = Debug|Any CPU
		Release|Any CPU = Release|Any CPU
	EndGlobalSection
	GlobalSection(ProjectConfigurationPlatforms) = postSolution
		{B6D782B5-2117-472B-B35E-B09060CA8517}.Debug|Any CPU.ActiveCfg = Debug|Any CPU
		{B6D782B5-2117-472B-B35E-B09060CA8517}.Debug|Any CPU.Build.0 = Debug|Any CPU
		{B6D782B5-2117-472B-B35E-B09060CA8517}.Release|Any CPU.ActiveCfg = Release|Any CPU
		{B6D782B5-2117-472B-B35E-B09060CA8517}.Release|Any CPU.Build.0 = Release|Any CPU
	EndGlobalSection
	GlobalSection(SolutionProperties) = preSolution
		HideSolutionNode = FALSE
	EndGlobalSection
	GlobalSection(ExtensibilityGlobals) = postSolution
		SolutionGuid = {E3E3517B-EA12-4BF4-94C5-46A2698D8DFF}
	EndGlobalSection
EndGlobal
